
Microsoft Visual Studio Solution File, Format Version 12.00
# Visual Studio 14
VisualStudioVersion = 14.0.25420.1
MinimumVisualStudioVersion = 10.0.40219.1
Project("{FAE04EC0-301F-11D3-BF4B-00C04F79EFBC}") = "Noobot.Toolbox", "src\Noobot.Toolbox\Noobot.Toolbox.csproj", "{224C95BA-B143-42DC-947D-1592C9DB0766}"
EndProject
Project("{FAE04EC0-301F-11D3-BF4B-00C04F79EFBC}") = "Noobot.Toolbox.Tests.Unit", "src\Noobot.Toolbox.Tests.Unit\Noobot.Toolbox.Tests.Unit.csproj", "{7230DC9F-237E-41FE-8A43-328A329D09B7}"
EndProject
Project("{2150E333-8FDC-42A3-9474-1A3956D46DE8}") = "Tests", "Tests", "{CF7E071A-1A21-4D5C-BE02-25E9C3709BF3}"
EndProject
Project("{FAE04EC0-301F-11D3-BF4B-00C04F79EFBC}") = "Noobot.Toolbox.Tests.Integration", "src\Noobot.Toolbox.Tests.Integration\Noobot.Toolbox.Tests.Integration.csproj", "{23C630BB-10EE-40F0-A222-B422B0DAF56C}"
EndProject
Global
	GlobalSection(SolutionConfigurationPlatforms) = preSolution
		Debug|Any CPU = Debug|Any CPU
		Release|Any CPU = Release|Any CPU
	EndGlobalSection
	GlobalSection(ProjectConfigurationPlatforms) = postSolution
		{224C95BA-B143-42DC-947D-1592C9DB0766}.Debug|Any CPU.ActiveCfg = Debug|Any CPU
		{224C95BA-B143-42DC-947D-1592C9DB0766}.Debug|Any CPU.Build.0 = Debug|Any CPU
		{224C95BA-B143-42DC-947D-1592C9DB0766}.Release|Any CPU.ActiveCfg = Release|Any CPU
		{224C95BA-B143-42DC-947D-1592C9DB0766}.Release|Any CPU.Build.0 = Release|Any CPU
		{7230DC9F-237E-41FE-8A43-328A329D09B7}.Debug|Any CPU.ActiveCfg = Debug|Any CPU
		{7230DC9F-237E-41FE-8A43-328A329D09B7}.Debug|Any CPU.Build.0 = Debug|Any CPU
		{7230DC9F-237E-41FE-8A43-328A329D09B7}.Release|Any CPU.ActiveCfg = Release|Any CPU
		{7230DC9F-237E-41FE-8A43-328A329D09B7}.Release|Any CPU.Build.0 = Release|Any CPU
		{23C630BB-10EE-40F0-A222-B422B0DAF56C}.Debug|Any CPU.ActiveCfg = Debug|Any CPU
		{23C630BB-10EE-40F0-A222-B422B0DAF56C}.Debug|Any CPU.Build.0 = Debug|Any CPU
		{23C630BB-10EE-40F0-A222-B422B0DAF56C}.Release|Any CPU.ActiveCfg = Release|Any CPU
		{23C630BB-10EE-40F0-A222-B422B0DAF56C}.Release|Any CPU.Build.0 = Release|Any CPU
	EndGlobalSection
	GlobalSection(SolutionProperties) = preSolution
		HideSolutionNode = FALSE
	EndGlobalSection
	GlobalSection(NestedProjects) = preSolution
		{7230DC9F-237E-41FE-8A43-328A329D09B7} = {CF7E071A-1A21-4D5C-BE02-25E9C3709BF3}
		{23C630BB-10EE-40F0-A222-B422B0DAF56C} = {CF7E071A-1A21-4D5C-BE02-25E9C3709BF3}
	EndGlobalSection
EndGlobal
