
Microsoft Visual Studio Solution File, Format Version 12.00
# Visual Studio Version 16
VisualStudioVersion = 16.0.29728.190
MinimumVisualStudioVersion = 10.0.40219.1
Project("{9A19103F-16F7-4668-BE54-9A1E7A4F7556}") = "Noobot.Toolbox", "src\Noobot.Toolbox\Noobot.Toolbox.csproj", "{224C95BA-B143-42DC-947D-1592C9DB0766}"
EndProject
Global
	GlobalSection(SolutionConfigurationPlatforms) = preSolution
		Debug|Any CPU = Debug|Any CPU
		Release|Any CPU = Release|Any CPU
	EndGlobalSection
	GlobalSection(ProjectConfigurationPlatforms) = postSolution
		{224C95BA-B143-42DC-947D-1592C9DB0766}.Debug|Any CPU.ActiveCfg = Debug|Any CPU
		{224C95BA-B143-42DC-947D-1592C9DB0766}.Debug|Any CPU.Build.0 = Debug|Any CPU
		{224C95BA-B143-42DC-947D-1592C9DB0766}.Release|Any CPU.ActiveCfg = Release|Any CPU
		{224C95BA-B143-42DC-947D-1592C9DB0766}.Release|Any CPU.Build.0 = Release|Any CPU
	EndGlobalSection
	GlobalSection(SolutionProperties) = preSolution
		HideSolutionNode = FALSE
	EndGlobalSection
	GlobalSection(ExtensibilityGlobals) = postSolution
		SolutionGuid = {948DA22E-A364-40C0-B003-9309ACEADB02}
	EndGlobalSection
EndGlobal
